
Microsoft Visual Studio Solution File, Format Version 12.00
# Visual Studio Version 16
VisualStudioVersion = 16.0.30114.105
MinimumVisualStudioVersion = 10.0.40219.1
Project("{2150E333-8FDC-42A3-9474-1A3956D46DE8}") = "src", "src", "{15F19D21-EA61-4767-A017-FD6A2C2691CA}"
EndProject
Project("{FAE04EC0-301F-11D3-BF4B-00C04F79EFBC}") = "Tunnel.Cli", "src\Tunnel.Cli\Tunnel.Cli.csproj", "{0403E9D3-EAB4-43C6-A0EF-D6866DD5D35B}"
EndProject
Global
	GlobalSection(SolutionConfigurationPlatforms) = preSolution
		Debug|Any CPU = Debug|Any CPU
		Release|Any CPU = Release|Any CPU
	EndGlobalSection
	GlobalSection(SolutionProperties) = preSolution
		HideSolutionNode = FALSE
	EndGlobalSection
	GlobalSection(ProjectConfigurationPlatforms) = postSolution
		{0403E9D3-EAB4-43C6-A0EF-D6866DD5D35B}.Debug|Any CPU.ActiveCfg = Debug|Any CPU
		{0403E9D3-EAB4-43C6-A0EF-D6866DD5D35B}.Debug|Any CPU.Build.0 = Debug|Any CPU
		{0403E9D3-EAB4-43C6-A0EF-D6866DD5D35B}.Release|Any CPU.ActiveCfg = Release|Any CPU
		{0403E9D3-EAB4-43C6-A0EF-D6866DD5D35B}.Release|Any CPU.Build.0 = Release|Any CPU
	EndGlobalSection
	GlobalSection(NestedProjects) = preSolution
		{0403E9D3-EAB4-43C6-A0EF-D6866DD5D35B} = {15F19D21-EA61-4767-A017-FD6A2C2691CA}
	EndGlobalSection
EndGlobal
